
Microsoft Visual Studio Solution File, Format Version 12.00
# Visual Studio Version 16
VisualStudioVersion = 16.0.32228.343
MinimumVisualStudioVersion = 10.0.40219.1
Project("{FAE04EC0-301F-11D3-BF4B-00C04F79EFBC}") = "QuanLyKS_N6", "QuanLyKS_N6\QuanLyKS_N6.csproj", "{273E4EE0-9AB2-4EFF-9352-6A8D23F9DEF3}"
EndProject
Global
	GlobalSection(SolutionConfigurationPlatforms) = preSolution
		Debug|Any CPU = Debug|Any CPU
		Release|Any CPU = Release|Any CPU
	EndGlobalSection
	GlobalSection(ProjectConfigurationPlatforms) = postSolution
		{273E4EE0-9AB2-4EFF-9352-6A8D23F9DEF3}.Debug|Any CPU.ActiveCfg = Debug|Any CPU
		{273E4EE0-9AB2-4EFF-9352-6A8D23F9DEF3}.Debug|Any CPU.Build.0 = Debug|Any CPU
		{273E4EE0-9AB2-4EFF-9352-6A8D23F9DEF3}.Release|Any CPU.ActiveCfg = Release|Any CPU
		{273E4EE0-9AB2-4EFF-9352-6A8D23F9DEF3}.Release|Any CPU.Build.0 = Release|Any CPU
	EndGlobalSection
	GlobalSection(SolutionProperties) = preSolution
		HideSolutionNode = FALSE
	EndGlobalSection
	GlobalSection(ExtensibilityGlobals) = postSolution
		SolutionGuid = {DF104049-B1BF-4042-9C1A-FBDF35AB064C}
	EndGlobalSection
EndGlobal
